
Microsoft Visual Studio Solution File, Format Version 12.00
# Visual Studio Version 16
VisualStudioVersion = 16.0.30907.101
MinimumVisualStudioVersion = 10.0.40219.1
Project("{FAE04EC0-301F-11D3-BF4B-00C04F79EFBC}") = "BDD_Tests", "BDD_Tests.csproj", "{067F7FB5-D3FD-4372-8FDD-7C30F60053A1}"
EndProject
Global
	GlobalSection(SolutionConfigurationPlatforms) = preSolution
		Debug|Any CPU = Debug|Any CPU
		Release|Any CPU = Release|Any CPU
	EndGlobalSection
	GlobalSection(ProjectConfigurationPlatforms) = postSolution
		{067F7FB5-D3FD-4372-8FDD-7C30F60053A1}.Debug|Any CPU.ActiveCfg = Debug|Any CPU
		{067F7FB5-D3FD-4372-8FDD-7C30F60053A1}.Debug|Any CPU.Build.0 = Debug|Any CPU
		{067F7FB5-D3FD-4372-8FDD-7C30F60053A1}.Release|Any CPU.ActiveCfg = Release|Any CPU
		{067F7FB5-D3FD-4372-8FDD-7C30F60053A1}.Release|Any CPU.Build.0 = Release|Any CPU
	EndGlobalSection
	GlobalSection(SolutionProperties) = preSolution
		HideSolutionNode = FALSE
	EndGlobalSection
	GlobalSection(ExtensibilityGlobals) = postSolution
		SolutionGuid = {80EA5516-0CC2-4C18-BDC2-8C1DAE371397}
	EndGlobalSection
EndGlobal
